
Microsoft Visual Studio Solution File, Format Version 12.00
# Visual Studio Version 16
VisualStudioVersion = 16.0.28803.352
MinimumVisualStudioVersion = 10.0.40219.1
Project("{FAE04EC0-301F-11D3-BF4B-00C04F79EFBC}") = "BelDivaCMS.BL", "BelDivaCustomerManagementSystem\BelDivaCMS.BL.csproj", "{29A3BCBD-1979-40C2-B0BB-A26C6499C577}"
EndProject
Project("{2150E333-8FDC-42A3-9474-1A3956D46DE8}") = "Tests", "Tests", "{25930F6F-AEC2-41E3-8570-FD59B2EB0612}"
EndProject
Project("{FAE04EC0-301F-11D3-BF4B-00C04F79EFBC}") = "BelDivaCMS.BLTest", "Tests\BelDivaCMS.BLTest\BelDivaCMS.BLTest.csproj", "{89E24C43-1DFB-4725-AE4E-34E1EEE15B59}"
EndProject
Global
	GlobalSection(SolutionConfigurationPlatforms) = preSolution
		Debug|Any CPU = Debug|Any CPU
		Release|Any CPU = Release|Any CPU
	EndGlobalSection
	GlobalSection(ProjectConfigurationPlatforms) = postSolution
		{29A3BCBD-1979-40C2-B0BB-A26C6499C577}.Debug|Any CPU.ActiveCfg = Debug|Any CPU
		{29A3BCBD-1979-40C2-B0BB-A26C6499C577}.Debug|Any CPU.Build.0 = Debug|Any CPU
		{29A3BCBD-1979-40C2-B0BB-A26C6499C577}.Release|Any CPU.ActiveCfg = Release|Any CPU
		{29A3BCBD-1979-40C2-B0BB-A26C6499C577}.Release|Any CPU.Build.0 = Release|Any CPU
		{89E24C43-1DFB-4725-AE4E-34E1EEE15B59}.Debug|Any CPU.ActiveCfg = Debug|Any CPU
		{89E24C43-1DFB-4725-AE4E-34E1EEE15B59}.Debug|Any CPU.Build.0 = Debug|Any CPU
		{89E24C43-1DFB-4725-AE4E-34E1EEE15B59}.Release|Any CPU.ActiveCfg = Release|Any CPU
		{89E24C43-1DFB-4725-AE4E-34E1EEE15B59}.Release|Any CPU.Build.0 = Release|Any CPU
	EndGlobalSection
	GlobalSection(SolutionProperties) = preSolution
		HideSolutionNode = FALSE
	EndGlobalSection
	GlobalSection(NestedProjects) = preSolution
		{89E24C43-1DFB-4725-AE4E-34E1EEE15B59} = {25930F6F-AEC2-41E3-8570-FD59B2EB0612}
	EndGlobalSection
	GlobalSection(ExtensibilityGlobals) = postSolution
		SolutionGuid = {DB6AB0F2-47AA-4B15-941B-CACA08FB41FE}
	EndGlobalSection
EndGlobal
